
Microsoft Visual Studio Solution File, Format Version 12.00
# Visual Studio Version 17
VisualStudioVersion = 17.0.31903.59
MinimumVisualStudioVersion = 10.0.40219.1
Project("{FAE04EC0-301F-11D3-BF4B-00C04F79EFBC}") = "JADE-DOOR.Api", "JADE-DOOR.Api\JADE-DOOR.Api.csproj", "{7B2C1CA7-D828-4932-AC8B-A243B63A6F21}"
EndProject
Project("{FAE04EC0-301F-11D3-BF4B-00C04F79EFBC}") = "JADE-DOOR.Domain", "JADE-DOOR.Domain\JADE-DOOR.Domain.csproj", "{533288E0-B90D-4E5B-93B7-9D735FB09920}"
EndProject
Project("{FAE04EC0-301F-11D3-BF4B-00C04F79EFBC}") = "JADE-DOOR.Data", "JADE-DOOR.Data\JADE-DOOR.Data.csproj", "{BCE8F7BF-A943-438B-ADD2-39D84DA87C29}"
EndProject
Global
	GlobalSection(SolutionConfigurationPlatforms) = preSolution
		Debug|Any CPU = Debug|Any CPU
		Debug|x64 = Debug|x64
		Debug|x86 = Debug|x86
		Release|Any CPU = Release|Any CPU
		Release|x64 = Release|x64
		Release|x86 = Release|x86
	EndGlobalSection
	GlobalSection(ProjectConfigurationPlatforms) = postSolution
		{7B2C1CA7-D828-4932-AC8B-A243B63A6F21}.Debug|Any CPU.ActiveCfg = Debug|Any CPU
		{7B2C1CA7-D828-4932-AC8B-A243B63A6F21}.Debug|Any CPU.Build.0 = Debug|Any CPU
		{7B2C1CA7-D828-4932-AC8B-A243B63A6F21}.Debug|x64.ActiveCfg = Debug|Any CPU
		{7B2C1CA7-D828-4932-AC8B-A243B63A6F21}.Debug|x64.Build.0 = Debug|Any CPU
		{7B2C1CA7-D828-4932-AC8B-A243B63A6F21}.Debug|x86.ActiveCfg = Debug|Any CPU
		{7B2C1CA7-D828-4932-AC8B-A243B63A6F21}.Debug|x86.Build.0 = Debug|Any CPU
		{7B2C1CA7-D828-4932-AC8B-A243B63A6F21}.Release|Any CPU.ActiveCfg = Release|Any CPU
		{7B2C1CA7-D828-4932-AC8B-A243B63A6F21}.Release|Any CPU.Build.0 = Release|Any CPU
		{7B2C1CA7-D828-4932-AC8B-A243B63A6F21}.Release|x64.ActiveCfg = Release|Any CPU
		{7B2C1CA7-D828-4932-AC8B-A243B63A6F21}.Release|x64.Build.0 = Release|Any CPU
		{7B2C1CA7-D828-4932-AC8B-A243B63A6F21}.Release|x86.ActiveCfg = Release|Any CPU
		{7B2C1CA7-D828-4932-AC8B-A243B63A6F21}.Release|x86.Build.0 = Release|Any CPU
		{533288E0-B90D-4E5B-93B7-9D735FB09920}.Debug|Any CPU.ActiveCfg = Debug|Any CPU
		{533288E0-B90D-4E5B-93B7-9D735FB09920}.Debug|Any CPU.Build.0 = Debug|Any CPU
		{533288E0-B90D-4E5B-93B7-9D735FB09920}.Debug|x64.ActiveCfg = Debug|Any CPU
		{533288E0-B90D-4E5B-93B7-9D735FB09920}.Debug|x64.Build.0 = Debug|Any CPU
		{533288E0-B90D-4E5B-93B7-9D735FB09920}.Debug|x86.ActiveCfg = Debug|Any CPU
		{533288E0-B90D-4E5B-93B7-9D735FB09920}.Debug|x86.Build.0 = Debug|Any CPU
		{533288E0-B90D-4E5B-93B7-9D735FB09920}.Release|Any CPU.ActiveCfg = Release|Any CPU
		{533288E0-B90D-4E5B-93B7-9D735FB09920}.Release|Any CPU.Build.0 = Release|Any CPU
		{533288E0-B90D-4E5B-93B7-9D735FB09920}.Release|x64.ActiveCfg = Release|Any CPU
		{533288E0-B90D-4E5B-93B7-9D735FB09920}.Release|x64.Build.0 = Release|Any CPU
		{533288E0-B90D-4E5B-93B7-9D735FB09920}.Release|x86.ActiveCfg = Release|Any CPU
		{533288E0-B90D-4E5B-93B7-9D735FB09920}.Release|x86.Build.0 = Release|Any CPU
		{BCE8F7BF-A943-438B-ADD2-39D84DA87C29}.Debug|Any CPU.ActiveCfg = Debug|Any CPU
		{BCE8F7BF-A943-438B-ADD2-39D84DA87C29}.Debug|Any CPU.Build.0 = Debug|Any CPU
		{BCE8F7BF-A943-438B-ADD2-39D84DA87C29}.Debug|x64.ActiveCfg = Debug|Any CPU
		{BCE8F7BF-A943-438B-ADD2-39D84DA87C29}.Debug|x64.Build.0 = Debug|Any CPU
		{BCE8F7BF-A943-438B-ADD2-39D84DA87C29}.Debug|x86.ActiveCfg = Debug|Any CPU
		{BCE8F7BF-A943-438B-ADD2-39D84DA87C29}.Debug|x86.Build.0 = Debug|Any CPU
		{BCE8F7BF-A943-438B-ADD2-39D84DA87C29}.Release|Any CPU.ActiveCfg = Release|Any CPU
		{BCE8F7BF-A943-438B-ADD2-39D84DA87C29}.Release|Any CPU.Build.0 = Release|Any CPU
		{BCE8F7BF-A943-438B-ADD2-39D84DA87C29}.Release|x64.ActiveCfg = Release|Any CPU
		{BCE8F7BF-A943-438B-ADD2-39D84DA87C29}.Release|x64.Build.0 = Release|Any CPU
		{BCE8F7BF-A943-438B-ADD2-39D84DA87C29}.Release|x86.ActiveCfg = Release|Any CPU
		{BCE8F7BF-A943-438B-ADD2-39D84DA87C29}.Release|x86.Build.0 = Release|Any CPU
	EndGlobalSection
	GlobalSection(SolutionProperties) = preSolution
		HideSolutionNode = FALSE
	EndGlobalSection
EndGlobal
